// !$*UTF8*$!
{
	archiveVersion = 1;
	classes = {
	};
	objectVersion = 55;
	objects = {

/* Begin PBXBuildFile section */
		42038E022B70C0900083F3ED /* Login.swift in Sources */ = {isa = PBXBuildFile; fileRef = 42038E012B70C0900083F3ED /* Login.swift */; };
		420434442B7267B4006039A5 /* DeviceVerification.swift in Sources */ = {isa = PBXBuildFile; fileRef = 420434432B7267B4006039A5 /* DeviceVerification.swift */; };
		420EB8DF2B8C7D1500B2C2B9 /* UserRegistrationData.swift in Sources */ = {isa = PBXBuildFile; fileRef = 420EB8DE2B8C7D1400B2C2B9 /* UserRegistrationData.swift */; };
		421265EF2B7210D60063F91A /* Color+Extension.swift in Sources */ = {isa = PBXBuildFile; fileRef = 421265EE2B7210D60063F91A /* Color+Extension.swift */; };
		4226DA652B7B6D8A006D5FFC /* ReedemView.swift in Sources */ = {isa = PBXBuildFile; fileRef = 4226DA642B7B6D8A006D5FFC /* ReedemView.swift */; };
		4228185F2B7E3A9500492B9E /* Insurance.swift in Sources */ = {isa = PBXBuildFile; fileRef = 4228185E2B7E3A9500492B9E /* Insurance.swift */; };
		423AB3322B7F3C1500E809A4 /* HealthManager.swift in Sources */ = {isa = PBXBuildFile; fileRef = 423AB3312B7F3C1500E809A4 /* HealthManager.swift */; };
		423AB3362B7F873500E809A4 /* HealthKit.framework in Frameworks */ = {isa = PBXBuildFile; fileRef = 423AB3352B7F873500E809A4 /* HealthKit.framework */; };
		423CF8CE2B6CD9500085B335 /* RegistrationView.swift in Sources */ = {isa = PBXBuildFile; fileRef = 423CF8CD2B6CD9500085B335 /* RegistrationView.swift */; };
		425E0BE12B6B7F05007B1D84 /* StepaApp.swift in Sources */ = {isa = PBXBuildFile; fileRef = 425E0BE02B6B7F05007B1D84 /* StepaApp.swift */; };
		425E0BE32B6B7F05007B1D84 /* ContentView.swift in Sources */ = {isa = PBXBuildFile; fileRef = 425E0BE22B6B7F05007B1D84 /* ContentView.swift */; };
		425E0BE52B6B7F42007B1D84 /* Assets.xcassets in Resources */ = {isa = PBXBuildFile; fileRef = 425E0BE42B6B7F42007B1D84 /* Assets.xcassets */; };
		425E0BE82B6B7F42007B1D84 /* Preview Assets.xcassets in Resources */ = {isa = PBXBuildFile; fileRef = 425E0BE72B6B7F42007B1D84 /* Preview Assets.xcassets */; };
		425E0BF22B6B7F43007B1D84 /* StepaTests.swift in Sources */ = {isa = PBXBuildFile; fileRef = 425E0BF12B6B7F43007B1D84 /* StepaTests.swift */; };
		425E0BFC2B6B7F44007B1D84 /* StepaUITests.swift in Sources */ = {isa = PBXBuildFile; fileRef = 425E0BFB2B6B7F44007B1D84 /* StepaUITests.swift */; };
		425E0BFE2B6B7F44007B1D84 /* StepaUITestsLaunchTests.swift in Sources */ = {isa = PBXBuildFile; fileRef = 425E0BFD2B6B7F44007B1D84 /* StepaUITestsLaunchTests.swift */; };
		425E0C0B2B6B836B007B1D84 /* SplashView.swift in Sources */ = {isa = PBXBuildFile; fileRef = 425E0C0A2B6B836B007B1D84 /* SplashView.swift */; };
		427ADB0A2B875A54009CB3A9 /* toastMessages.swift in Sources */ = {isa = PBXBuildFile; fileRef = 427ADB092B875A52009CB3A9 /* toastMessages.swift */; };
		428016442B7DF976007461B9 /* NetworkManager.swift in Sources */ = {isa = PBXBuildFile; fileRef = 428016432B7DF976007461B9 /* NetworkManager.swift */; };
		428016462B7E12E0007461B9 /* Constants.swift in Sources */ = {isa = PBXBuildFile; fileRef = 428016452B7E12DE007461B9 /* Constants.swift */; };
		428079BE2B6B976A004FD15F /* OnBoarding.swift in Sources */ = {isa = PBXBuildFile; fileRef = 428079BD2B6B976A004FD15F /* OnBoarding.swift */; };
		4281DF7C2B74BEDB00A414FE /* RegistrationDetails.swift in Sources */ = {isa = PBXBuildFile; fileRef = 4281DF7B2B74BEDA00A414FE /* RegistrationDetails.swift */; };
		4281DF7E2B74E30700A414FE /* RegistrationDetailsViewModel.swift in Sources */ = {isa = PBXBuildFile; fileRef = 4281DF7D2B74E30700A414FE /* RegistrationDetailsViewModel.swift */; };
		4281DF802B750C7A00A414FE /* Dashboard.swift in Sources */ = {isa = PBXBuildFile; fileRef = 4281DF7F2B750C7A00A414FE /* Dashboard.swift */; };
		428FB39C2B73708500CBEECE /* EnterPin.swift in Sources */ = {isa = PBXBuildFile; fileRef = 428FB39B2B73708500CBEECE /* EnterPin.swift */; };
/* End PBXBuildFile section */

/* Begin PBXContainerItemProxy section */
		425E0BEE2B6B7F43007B1D84 /* PBXContainerItemProxy */ = {
			isa = PBXContainerItemProxy;
			containerPortal = 425E0BD52B6B7F04007B1D84 /* Project object */;
			proxyType = 1;
			remoteGlobalIDString = 425E0BDC2B6B7F05007B1D84;
			remoteInfo = Stepa;
		};
		425E0BF82B6B7F44007B1D84 /* PBXContainerItemProxy */ = {
			isa = PBXContainerItemProxy;
			containerPortal = 425E0BD52B6B7F04007B1D84 /* Project object */;
			proxyType = 1;
			remoteGlobalIDString = 425E0BDC2B6B7F05007B1D84;
			remoteInfo = Stepa;
		};
/* End PBXContainerItemProxy section */

/* Begin PBXFileReference section */
		42038E012B70C0900083F3ED /* Login.swift */ = {isa = PBXFileReference; lastKnownFileType = sourcecode.swift; path = Login.swift; sourceTree = "<group>"; };
		420434432B7267B4006039A5 /* DeviceVerification.swift */ = {isa = PBXFileReference; lastKnownFileType = sourcecode.swift; path = DeviceVerification.swift; sourceTree = "<group>"; };
		420EB8DE2B8C7D1400B2C2B9 /* UserRegistrationData.swift */ = {isa = PBXFileReference; lastKnownFileType = sourcecode.swift; path = UserRegistrationData.swift; sourceTree = "<group>"; };
		421265EE2B7210D60063F91A /* Color+Extension.swift */ = {isa = PBXFileReference; lastKnownFileType = sourcecode.swift; path = "Color+Extension.swift"; sourceTree = "<group>"; };
		4226DA642B7B6D8A006D5FFC /* ReedemView.swift */ = {isa = PBXFileReference; lastKnownFileType = sourcecode.swift; path = ReedemView.swift; sourceTree = "<group>"; };
		4228185E2B7E3A9500492B9E /* Insurance.swift */ = {isa = PBXFileReference; lastKnownFileType = sourcecode.swift; path = Insurance.swift; sourceTree = "<group>"; };
		423AB3312B7F3C1500E809A4 /* HealthManager.swift */ = {isa = PBXFileReference; lastKnownFileType = sourcecode.swift; path = HealthManager.swift; sourceTree = "<group>"; };
		423AB3332B7F873400E809A4 /* Stepa.entitlements */ = {isa = PBXFileReference; lastKnownFileType = text.plist.entitlements; path = Stepa.entitlements; sourceTree = "<group>"; };
		423AB3352B7F873500E809A4 /* HealthKit.framework */ = {isa = PBXFileReference; lastKnownFileType = wrapper.framework; name = HealthKit.framework; path = System/Library/Frameworks/HealthKit.framework; sourceTree = SDKROOT; };
		423CF8CD2B6CD9500085B335 /* RegistrationView.swift */ = {isa = PBXFileReference; lastKnownFileType = sourcecode.swift; path = RegistrationView.swift; sourceTree = "<group>"; };
		425E0BDD2B6B7F05007B1D84 /* Stepa.app */ = {isa = PBXFileReference; explicitFileType = wrapper.application; includeInIndex = 0; path = Stepa.app; sourceTree = BUILT_PRODUCTS_DIR; };
		425E0BE02B6B7F05007B1D84 /* StepaApp.swift */ = {isa = PBXFileReference; lastKnownFileType = sourcecode.swift; path = StepaApp.swift; sourceTree = "<group>"; };
		425E0BE22B6B7F05007B1D84 /* ContentView.swift */ = {isa = PBXFileReference; lastKnownFileType = sourcecode.swift; path = ContentView.swift; sourceTree = "<group>"; };
		425E0BE42B6B7F42007B1D84 /* Assets.xcassets */ = {isa = PBXFileReference; lastKnownFileType = folder.assetcatalog; path = Assets.xcassets; sourceTree = "<group>"; };
		425E0BE72B6B7F42007B1D84 /* Preview Assets.xcassets */ = {isa = PBXFileReference; lastKnownFileType = folder.assetcatalog; path = "Preview Assets.xcassets"; sourceTree = "<group>"; };
		425E0BED2B6B7F43007B1D84 /* StepaTests.xctest */ = {isa = PBXFileReference; explicitFileType = wrapper.cfbundle; includeInIndex = 0; path = StepaTests.xctest; sourceTree = BUILT_PRODUCTS_DIR; };
		425E0BF12B6B7F43007B1D84 /* StepaTests.swift */ = {isa = PBXFileReference; lastKnownFileType = sourcecode.swift; path = StepaTests.swift; sourceTree = "<group>"; };
		425E0BF72B6B7F43007B1D84 /* StepaUITests.xctest */ = {isa = PBXFileReference; explicitFileType = wrapper.cfbundle; includeInIndex = 0; path = StepaUITests.xctest; sourceTree = BUILT_PRODUCTS_DIR; };
		425E0BFB2B6B7F44007B1D84 /* StepaUITests.swift */ = {isa = PBXFileReference; lastKnownFileType = sourcecode.swift; path = StepaUITests.swift; sourceTree = "<group>"; };
		425E0BFD2B6B7F44007B1D84 /* StepaUITestsLaunchTests.swift */ = {isa = PBXFileReference; lastKnownFileType = sourcecode.swift; path = StepaUITestsLaunchTests.swift; sourceTree = "<group>"; };
		425E0C0A2B6B836B007B1D84 /* SplashView.swift */ = {isa = PBXFileReference; lastKnownFileType = sourcecode.swift; path = SplashView.swift; sourceTree = "<group>"; };
		426FA31C2B8619B500907D8A /* Info.plist */ = {isa = PBXFileReference; lastKnownFileType = text.plist; path = Info.plist; sourceTree = "<group>"; };
		427ADB092B875A52009CB3A9 /* toastMessages.swift */ = {isa = PBXFileReference; lastKnownFileType = sourcecode.swift; path = toastMessages.swift; sourceTree = "<group>"; };
		428016432B7DF976007461B9 /* NetworkManager.swift */ = {isa = PBXFileReference; lastKnownFileType = sourcecode.swift; path = NetworkManager.swift; sourceTree = "<group>"; };
		428016452B7E12DE007461B9 /* Constants.swift */ = {isa = PBXFileReference; lastKnownFileType = sourcecode.swift; path = Constants.swift; sourceTree = "<group>"; };
		428079BD2B6B976A004FD15F /* OnBoarding.swift */ = {isa = PBXFileReference; lastKnownFileType = sourcecode.swift; path = OnBoarding.swift; sourceTree = "<group>"; };
		4281DF7B2B74BEDA00A414FE /* RegistrationDetails.swift */ = {isa = PBXFileReference; lastKnownFileType = sourcecode.swift; path = RegistrationDetails.swift; sourceTree = "<group>"; };
		4281DF7D2B74E30700A414FE /* RegistrationDetailsViewModel.swift */ = {isa = PBXFileReference; lastKnownFileType = sourcecode.swift; path = RegistrationDetailsViewModel.swift; sourceTree = "<group>"; };
		4281DF7F2B750C7A00A414FE /* Dashboard.swift */ = {isa = PBXFileReference; lastKnownFileType = sourcecode.swift; path = Dashboard.swift; sourceTree = "<group>"; };
		428FB39B2B73708500CBEECE /* EnterPin.swift */ = {isa = PBXFileReference; lastKnownFileType = sourcecode.swift; path = EnterPin.swift; sourceTree = "<group>"; };
/* End PBXFileReference section */

/* Begin PBXFrameworksBuildPhase section */
		425E0BDA2B6B7F05007B1D84 /* Frameworks */ = {
			isa = PBXFrameworksBuildPhase;
			buildActionMask = 2147483647;
			files = (
				423AB3362B7F873500E809A4 /* HealthKit.framework in Frameworks */,
			);
			runOnlyForDeploymentPostprocessing = 0;
		};
		425E0BEA2B6B7F43007B1D84 /* Frameworks */ = {
			isa = PBXFrameworksBuildPhase;
			buildActionMask = 2147483647;
			files = (
			);
			runOnlyForDeploymentPostprocessing = 0;
		};
		425E0BF42B6B7F43007B1D84 /* Frameworks */ = {
			isa = PBXFrameworksBuildPhase;
			buildActionMask = 2147483647;
			files = (
			);
			runOnlyForDeploymentPostprocessing = 0;
		};
/* End PBXFrameworksBuildPhase section */

/* Begin PBXGroup section */
		423AB3342B7F873500E809A4 /* Frameworks */ = {
			isa = PBXGroup;
			children = (
				423AB3352B7F873500E809A4 /* HealthKit.framework */,
			);
			name = Frameworks;
			sourceTree = "<group>";
		};
		425E0BD42B6B7F04007B1D84 = {
			isa = PBXGroup;
			children = (
				425E0BDF2B6B7F05007B1D84 /* Stepa */,
				425E0BF02B6B7F43007B1D84 /* StepaTests */,
				425E0BFA2B6B7F44007B1D84 /* StepaUITests */,
				425E0BDE2B6B7F05007B1D84 /* Products */,
				423AB3342B7F873500E809A4 /* Frameworks */,
			);
			sourceTree = "<group>";
		};
		425E0BDE2B6B7F05007B1D84 /* Products */ = {
			isa = PBXGroup;
			children = (
				425E0BDD2B6B7F05007B1D84 /* Stepa.app */,
				425E0BED2B6B7F43007B1D84 /* StepaTests.xctest */,
				425E0BF72B6B7F43007B1D84 /* StepaUITests.xctest */,
			);
			name = Products;
			sourceTree = "<group>";
		};
		425E0BDF2B6B7F05007B1D84 /* Stepa */ = {
			isa = PBXGroup;
			children = (
				426FA31C2B8619B500907D8A /* Info.plist */,
				423AB3332B7F873400E809A4 /* Stepa.entitlements */,
				425E0BE02B6B7F05007B1D84 /* StepaApp.swift */,
				425E0BE22B6B7F05007B1D84 /* ContentView.swift */,
				425E0C0A2B6B836B007B1D84 /* SplashView.swift */,
				428FB39B2B73708500CBEECE /* EnterPin.swift */,
				427ADB092B875A52009CB3A9 /* toastMessages.swift */,
				428016452B7E12DE007461B9 /* Constants.swift */,
				4281DF7F2B750C7A00A414FE /* Dashboard.swift */,
				4281DF7B2B74BEDA00A414FE /* RegistrationDetails.swift */,
				428079BD2B6B976A004FD15F /* OnBoarding.swift */,
				421265EE2B7210D60063F91A /* Color+Extension.swift */,
				420434432B7267B4006039A5 /* DeviceVerification.swift */,
				428016432B7DF976007461B9 /* NetworkManager.swift */,
				4226DA642B7B6D8A006D5FFC /* ReedemView.swift */,
				4228185E2B7E3A9500492B9E /* Insurance.swift */,
				423AB3312B7F3C1500E809A4 /* HealthManager.swift */,
				42038E012B70C0900083F3ED /* Login.swift */,
				423CF8CD2B6CD9500085B335 /* RegistrationView.swift */,
				420EB8DE2B8C7D1400B2C2B9 /* UserRegistrationData.swift */,
				4281DF7D2B74E30700A414FE /* RegistrationDetailsViewModel.swift */,
				425E0BE42B6B7F42007B1D84 /* Assets.xcassets */,
				425E0BE62B6B7F42007B1D84 /* Preview Content */,
			);
			path = Stepa;
			sourceTree = "<group>";
		};
		425E0BE62B6B7F42007B1D84 /* Preview Content */ = {
			isa = PBXGroup;
			children = (
				425E0BE72B6B7F42007B1D84 /* Preview Assets.xcassets */,
			);
			path = "Preview Content";
			sourceTree = "<group>";
		};
		425E0BF02B6B7F43007B1D84 /* StepaTests */ = {
			isa = PBXGroup;
			children = (
				425E0BF12B6B7F43007B1D84 /* StepaTests.swift */,
			);
			path = StepaTests;
			sourceTree = "<group>";
		};
		425E0BFA2B6B7F44007B1D84 /* StepaUITests */ = {
			isa = PBXGroup;
			children = (
				425E0BFB2B6B7F44007B1D84 /* StepaUITests.swift */,
				425E0BFD2B6B7F44007B1D84 /* StepaUITestsLaunchTests.swift */,
			);
			path = StepaUITests;
			sourceTree = "<group>";
		};
/* End PBXGroup section */

/* Begin PBXNativeTarget section */
		425E0BDC2B6B7F05007B1D84 /* Stepa */ = {
			isa = PBXNativeTarget;
			buildConfigurationList = 425E0C012B6B7F44007B1D84 /* Build configuration list for PBXNativeTarget "Stepa" */;
			buildPhases = (
				425E0BD92B6B7F05007B1D84 /* Sources */,
				425E0BDA2B6B7F05007B1D84 /* Frameworks */,
				425E0BDB2B6B7F05007B1D84 /* Resources */,
			);
			buildRules = (
			);
			dependencies = (
			);
			name = Stepa;
			productName = Stepa;
			productReference = 425E0BDD2B6B7F05007B1D84 /* Stepa.app */;
			productType = "com.apple.product-type.application";
		};
		425E0BEC2B6B7F43007B1D84 /* StepaTests */ = {
			isa = PBXNativeTarget;
			buildConfigurationList = 425E0C042B6B7F44007B1D84 /* Build configuration list for PBXNativeTarget "StepaTests" */;
			buildPhases = (
				425E0BE92B6B7F43007B1D84 /* Sources */,
				425E0BEA2B6B7F43007B1D84 /* Frameworks */,
				425E0BEB2B6B7F43007B1D84 /* Resources */,
			);
			buildRules = (
			);
			dependencies = (
				425E0BEF2B6B7F43007B1D84 /* PBXTargetDependency */,
			);
			name = StepaTests;
			productName = StepaTests;
			productReference = 425E0BED2B6B7F43007B1D84 /* StepaTests.xctest */;
			productType = "com.apple.product-type.bundle.unit-test";
		};
		425E0BF62B6B7F43007B1D84 /* StepaUITests */ = {
			isa = PBXNativeTarget;
			buildConfigurationList = 425E0C072B6B7F44007B1D84 /* Build configuration list for PBXNativeTarget "StepaUITests" */;
			buildPhases = (
				425E0BF32B6B7F43007B1D84 /* Sources */,
				425E0BF42B6B7F43007B1D84 /* Frameworks */,
				425E0BF52B6B7F43007B1D84 /* Resources */,
			);
			buildRules = (
			);
			dependencies = (
				425E0BF92B6B7F44007B1D84 /* PBXTargetDependency */,
			);
			name = StepaUITests;
			productName = StepaUITests;
			productReference = 425E0BF72B6B7F43007B1D84 /* StepaUITests.xctest */;
			productType = "com.apple.product-type.bundle.ui-testing";
		};
/* End PBXNativeTarget section */

/* Begin PBXProject section */
		425E0BD52B6B7F04007B1D84 /* Project object */ = {
			isa = PBXProject;
			attributes = {
				BuildIndependentTargetsInParallel = 1;
				LastSwiftUpdateCheck = 1340;
				LastUpgradeCheck = 1340;
				TargetAttributes = {
					425E0BDC2B6B7F05007B1D84 = {
						CreatedOnToolsVersion = 13.4.1;
					};
					425E0BEC2B6B7F43007B1D84 = {
						CreatedOnToolsVersion = 13.4.1;
						TestTargetID = 425E0BDC2B6B7F05007B1D84;
					};
					425E0BF62B6B7F43007B1D84 = {
						CreatedOnToolsVersion = 13.4.1;
						TestTargetID = 425E0BDC2B6B7F05007B1D84;
					};
				};
			};
			buildConfigurationList = 425E0BD82B6B7F05007B1D84 /* Build configuration list for PBXProject "Stepa" */;
			compatibilityVersion = "Xcode 13.0";
			developmentRegion = en;
			hasScannedForEncodings = 0;
			knownRegions = (
				en,
				Base,
			);
			mainGroup = 425E0BD42B6B7F04007B1D84;
			packageReferences = (
			);
			productRefGroup = 425E0BDE2B6B7F05007B1D84 /* Products */;
			projectDirPath = "";
			projectRoot = "";
			targets = (
				425E0BDC2B6B7F05007B1D84 /* Stepa */,
				425E0BEC2B6B7F43007B1D84 /* StepaTests */,
				425E0BF62B6B7F43007B1D84 /* StepaUITests */,
			);
		};
/* End PBXProject section */

/* Begin PBXResourcesBuildPhase section */
		425E0BDB2B6B7F05007B1D84 /* Resources */ = {
			isa = PBXResourcesBuildPhase;
			buildActionMask = 2147483647;
			files = (
				425E0BE82B6B7F42007B1D84 /* Preview Assets.xcassets in Resources */,
				425E0BE52B6B7F42007B1D84 /* Assets.xcassets in Resources */,
			);
			runOnlyForDeploymentPostprocessing = 0;
		};
		425E0BEB2B6B7F43007B1D84 /* Resources */ = {
			isa = PBXResourcesBuildPhase;
			buildActionMask = 2147483647;
			files = (
			);
			runOnlyForDeploymentPostprocessing = 0;
		};
		425E0BF52B6B7F43007B1D84 /* Resources */ = {
			isa = PBXResourcesBuildPhase;
			buildActionMask = 2147483647;
			files = (
			);
			runOnlyForDeploymentPostprocessing = 0;
		};
/* End PBXResourcesBuildPhase section */

/* Begin PBXSourcesBuildPhase section */
		425E0BD92B6B7F05007B1D84 /* Sources */ = {
			isa = PBXSourcesBuildPhase;
			buildActionMask = 2147483647;
			files = (
				42038E022B70C0900083F3ED /* Login.swift in Sources */,
				4226DA652B7B6D8A006D5FFC /* ReedemView.swift in Sources */,
				4281DF7C2B74BEDB00A414FE /* RegistrationDetails.swift in Sources */,
				425E0BE32B6B7F05007B1D84 /* ContentView.swift in Sources */,
				425E0BE12B6B7F05007B1D84 /* StepaApp.swift in Sources */,
				428016462B7E12E0007461B9 /* Constants.swift in Sources */,
				4228185F2B7E3A9500492B9E /* Insurance.swift in Sources */,
				4281DF7E2B74E30700A414FE /* RegistrationDetailsViewModel.swift in Sources */,
				428079BE2B6B976A004FD15F /* OnBoarding.swift in Sources */,
				423CF8CE2B6CD9500085B335 /* RegistrationView.swift in Sources */,
				425E0C0B2B6B836B007B1D84 /* SplashView.swift in Sources */,
				420434442B7267B4006039A5 /* DeviceVerification.swift in Sources */,
				428016442B7DF976007461B9 /* NetworkManager.swift in Sources */,
				421265EF2B7210D60063F91A /* Color+Extension.swift in Sources */,
				423AB3322B7F3C1500E809A4 /* HealthManager.swift in Sources */,
				4281DF802B750C7A00A414FE /* Dashboard.swift in Sources */,
				428FB39C2B73708500CBEECE /* EnterPin.swift in Sources */,
				420EB8DF2B8C7D1500B2C2B9 /* UserRegistrationData.swift in Sources */,
				427ADB0A2B875A54009CB3A9 /* toastMessages.swift in Sources */,
			);
			runOnlyForDeploymentPostprocessing = 0;
		};
		425E0BE92B6B7F43007B1D84 /* Sources */ = {
			isa = PBXSourcesBuildPhase;
			buildActionMask = 2147483647;
			files = (
				425E0BF22B6B7F43007B1D84 /* StepaTests.swift in Sources */,
			);
			runOnlyForDeploymentPostprocessing = 0;
		};
		425E0BF32B6B7F43007B1D84 /* Sources */ = {
			isa = PBXSourcesBuildPhase;
			buildActionMask = 2147483647;
			files = (
				425E0BFE2B6B7F44007B1D84 /* StepaUITestsLaunchTests.swift in Sources */,
				425E0BFC2B6B7F44007B1D84 /* StepaUITests.swift in Sources */,
			);
			runOnlyForDeploymentPostprocessing = 0;
		};
/* End PBXSourcesBuildPhase section */

/* Begin PBXTargetDependency section */
		425E0BEF2B6B7F43007B1D84 /* PBXTargetDependency */ = {
			isa = PBXTargetDependency;
			target = 425E0BDC2B6B7F05007B1D84 /* Stepa */;
			targetProxy = 425E0BEE2B6B7F43007B1D84 /* PBXContainerItemProxy */;
		};
		425E0BF92B6B7F44007B1D84 /* PBXTargetDependency */ = {
			isa = PBXTargetDependency;
			target = 425E0BDC2B6B7F05007B1D84 /* Stepa */;
			targetProxy = 425E0BF82B6B7F44007B1D84 /* PBXContainerItemProxy */;
		};
/* End PBXTargetDependency section */

/* Begin XCBuildConfiguration section */
		425E0BFF2B6B7F44007B1D84 /* Debug */ = {
			isa = XCBuildConfiguration;
			buildSettings = {
				ALWAYS_SEARCH_USER_PATHS = NO;
				CLANG_ANALYZER_NONNULL = YES;
				CLANG_ANALYZER_NUMBER_OBJECT_CONVERSION = YES_AGGRESSIVE;
				CLANG_CXX_LANGUAGE_STANDARD = "gnu++17";
				CLANG_ENABLE_MODULES = YES;
				CLANG_ENABLE_OBJC_ARC = YES;
				CLANG_ENABLE_OBJC_WEAK = YES;
				CLANG_WARN_BLOCK_CAPTURE_AUTORELEASING = YES;
				CLANG_WARN_BOOL_CONVERSION = YES;
				CLANG_WARN_COMMA = YES;
				CLANG_WARN_CONSTANT_CONVERSION = YES;
				CLANG_WARN_DEPRECATED_OBJC_IMPLEMENTATIONS = YES;
				CLANG_WARN_DIRECT_OBJC_ISA_USAGE = YES_ERROR;
				CLANG_WARN_DOCUMENTATION_COMMENTS = YES;
				CLANG_WARN_EMPTY_BODY = YES;
				CLANG_WARN_ENUM_CONVERSION = YES;
				CLANG_WARN_INFINITE_RECURSION = YES;
				CLANG_WARN_INT_CONVERSION = YES;
				CLANG_WARN_NON_LITERAL_NULL_CONVERSION = YES;
				CLANG_WARN_OBJC_IMPLICIT_RETAIN_SELF = YES;
				CLANG_WARN_OBJC_LITERAL_CONVERSION = YES;
				CLANG_WARN_OBJC_ROOT_CLASS = YES_ERROR;
				CLANG_WARN_QUOTED_INCLUDE_IN_FRAMEWORK_HEADER = YES;
				CLANG_WARN_RANGE_LOOP_ANALYSIS = YES;
				CLANG_WARN_STRICT_PROTOTYPES = YES;
				CLANG_WARN_SUSPICIOUS_MOVE = YES;
				CLANG_WARN_UNGUARDED_AVAILABILITY = YES_AGGRESSIVE;
				CLANG_WARN_UNREACHABLE_CODE = YES;
				CLANG_WARN__DUPLICATE_METHOD_MATCH = YES;
				COPY_PHASE_STRIP = NO;
				DEBUG_INFORMATION_FORMAT = dwarf;
				ENABLE_STRICT_OBJC_MSGSEND = YES;
				ENABLE_TESTABILITY = YES;
				GCC_C_LANGUAGE_STANDARD = gnu11;
				GCC_DYNAMIC_NO_PIC = NO;
				GCC_NO_COMMON_BLOCKS = YES;
				GCC_OPTIMIZATION_LEVEL = 0;
				GCC_PREPROCESSOR_DEFINITIONS = (
					"DEBUG=1",
					"$(inherited)",
				);
				GCC_WARN_64_TO_32_BIT_CONVERSION = YES;
				GCC_WARN_ABOUT_RETURN_TYPE = YES_ERROR;
				GCC_WARN_UNDECLARED_SELECTOR = YES;
				GCC_WARN_UNINITIALIZED_AUTOS = YES_AGGRESSIVE;
				GCC_WARN_UNUSED_FUNCTION = YES;
				GCC_WARN_UNUSED_VARIABLE = YES;
				IPHONEOS_DEPLOYMENT_TARGET = 15.5;
				MTL_ENABLE_DEBUG_INFO = INCLUDE_SOURCE;
				MTL_FAST_MATH = YES;
				ONLY_ACTIVE_ARCH = YES;
				SDKROOT = iphoneos;
				SWIFT_ACTIVE_COMPILATION_CONDITIONS = DEBUG;
				SWIFT_OPTIMIZATION_LEVEL = "-Onone";
			};
			name = Debug;
		};
		425E0C002B6B7F44007B1D84 /* Release */ = {
			isa = XCBuildConfiguration;
			buildSettings = {
				ALWAYS_SEARCH_USER_PATHS = NO;
				CLANG_ANALYZER_NONNULL = YES;
				CLANG_ANALYZER_NUMBER_OBJECT_CONVERSION = YES_AGGRESSIVE;
				CLANG_CXX_LANGUAGE_STANDARD = "gnu++17";
				CLANG_ENABLE_MODULES = YES;
				CLANG_ENABLE_OBJC_ARC = YES;
				CLANG_ENABLE_OBJC_WEAK = YES;
				CLANG_WARN_BLOCK_CAPTURE_AUTORELEASING = YES;
				CLANG_WARN_BOOL_CONVERSION = YES;
				CLANG_WARN_COMMA = YES;
				CLANG_WARN_CONSTANT_CONVERSION = YES;
				CLANG_WARN_DEPRECATED_OBJC_IMPLEMENTATIONS = YES;
				CLANG_WARN_DIRECT_OBJC_ISA_USAGE = YES_ERROR;
				CLANG_WARN_DOCUMENTATION_COMMENTS = YES;
				CLANG_WARN_EMPTY_BODY = YES;
				CLANG_WARN_ENUM_CONVERSION = YES;
				CLANG_WARN_INFINITE_RECURSION = YES;
				CLANG_WARN_INT_CONVERSION = YES;
				CLANG_WARN_NON_LITERAL_NULL_CONVERSION = YES;
				CLANG_WARN_OBJC_IMPLICIT_RETAIN_SELF = YES;
				CLANG_WARN_OBJC_LITERAL_CONVERSION = YES;
				CLANG_WARN_OBJC_ROOT_CLASS = YES_ERROR;
				CLANG_WARN_QUOTED_INCLUDE_IN_FRAMEWORK_HEADER = YES;
				CLANG_WARN_RANGE_LOOP_ANALYSIS = YES;
				CLANG_WARN_STRICT_PROTOTYPES = YES;
				CLANG_WARN_SUSPICIOUS_MOVE = YES;
				CLANG_WARN_UNGUARDED_AVAILABILITY = YES_AGGRESSIVE;
				CLANG_WARN_UNREACHABLE_CODE = YES;
				CLANG_WARN__DUPLICATE_METHOD_MATCH = YES;
				COPY_PHASE_STRIP = NO;
				DEBUG_INFORMATION_FORMAT = "dwarf-with-dsym";
				ENABLE_NS_ASSERTIONS = NO;
				ENABLE_STRICT_OBJC_MSGSEND = YES;
				GCC_C_LANGUAGE_STANDARD = gnu11;
				GCC_NO_COMMON_BLOCKS = YES;
				GCC_WARN_64_TO_32_BIT_CONVERSION = YES;
				GCC_WARN_ABOUT_RETURN_TYPE = YES_ERROR;
				GCC_WARN_UNDECLARED_SELECTOR = YES;
				GCC_WARN_UNINITIALIZED_AUTOS = YES_AGGRESSIVE;
				GCC_WARN_UNUSED_FUNCTION = YES;
				GCC_WARN_UNUSED_VARIABLE = YES;
				IPHONEOS_DEPLOYMENT_TARGET = 15.5;
				MTL_ENABLE_DEBUG_INFO = NO;
				MTL_FAST_MATH = YES;
				SDKROOT = iphoneos;
				SWIFT_COMPILATION_MODE = wholemodule;
				SWIFT_OPTIMIZATION_LEVEL = "-O";
				VALIDATE_PRODUCT = YES;
			};
			name = Release;
		};
		425E0C022B6B7F44007B1D84 /* Debug */ = {
			isa = XCBuildConfiguration;
			buildSettings = {
				ASSETCATALOG_COMPILER_APPICON_NAME = AppIcon;
				ASSETCATALOG_COMPILER_GLOBAL_ACCENT_COLOR_NAME = AccentColor;
				CODE_SIGN_ENTITLEMENTS = Stepa/Stepa.entitlements;
				CODE_SIGN_IDENTITY = "Apple Development";
				CODE_SIGN_STYLE = Automatic;
				CURRENT_PROJECT_VERSION = 1;
				DEVELOPMENT_ASSET_PATHS = "\"Stepa/Preview Content\"";
				DEVELOPMENT_TEAM = 6GK5N5D9KT;
				ENABLE_PREVIEWS = YES;
				GENERATE_INFOPLIST_FILE = YES;
				INFOPLIST_FILE = Stepa/Info.plist;
				INFOPLIST_KEY_UIApplicationSceneManifest_Generation = YES;
				INFOPLIST_KEY_UIApplicationSupportsIndirectInputEvents = YES;
				INFOPLIST_KEY_UILaunchScreen_Generation = YES;
				INFOPLIST_KEY_UISupportedInterfaceOrientations = UIInterfaceOrientationPortrait;
				INFOPLIST_KEY_UISupportedInterfaceOrientations_iPad = "UIInterfaceOrientationPortrait UIInterfaceOrientationPortraitUpsideDown UIInterfaceOrientationLandscapeLeft UIInterfaceOrientationLandscapeRight";
				INFOPLIST_KEY_UISupportedInterfaceOrientations_iPhone = "UIInterfaceOrientationPortrait UIInterfaceOrientationLandscapeLeft UIInterfaceOrientationLandscapeRight";
				LD_RUNPATH_SEARCH_PATHS = (
					"$(inherited)",
					"@executable_path/Frameworks",
				);
				MARKETING_VERSION = 1.0;
				PRODUCT_BUNDLE_IDENTIFIER = test.Stepa;
				PRODUCT_NAME = "$(TARGET_NAME)";
				PROVISIONING_PROFILE_SPECIFIER = "";
				SWIFT_EMIT_LOC_STRINGS = YES;
				SWIFT_VERSION = 5.0;
				TARGETED_DEVICE_FAMILY = "1,2";
			};
			name = Debug;
		};
		425E0C032B6B7F44007B1D84 /* Release */ = {
			isa = XCBuildConfiguration;
			buildSettings = {
				ASSETCATALOG_COMPILER_APPICON_NAME = AppIcon;
				ASSETCATALOG_COMPILER_GLOBAL_ACCENT_COLOR_NAME = AccentColor;
				CODE_SIGN_ENTITLEMENTS = Stepa/Stepa.entitlements;
				CODE_SIGN_IDENTITY = "Apple Development";
				CODE_SIGN_STYLE = Automatic;
				CURRENT_PROJECT_VERSION = 1;
				DEVELOPMENT_ASSET_PATHS = "\"Stepa/Preview Content\"";
				DEVELOPMENT_TEAM = 6GK5N5D9KT;
				ENABLE_PREVIEWS = YES;
				GENERATE_INFOPLIST_FILE = YES;
				INFOPLIST_FILE = Stepa/Info.plist;
				INFOPLIST_KEY_UIApplicationSceneManifest_Generation = YES;
				INFOPLIST_KEY_UIApplicationSupportsIndirectInputEvents = YES;
				INFOPLIST_KEY_UILaunchScreen_Generation = YES;
				INFOPLIST_KEY_UISupportedInterfaceOrientations = UIInterfaceOrientationPortrait;
				INFOPLIST_KEY_UISupportedInterfaceOrientations_iPad = "UIInterfaceOrientationPortrait UIInterfaceOrientationPortraitUpsideDown UIInterfaceOrientationLandscapeLeft UIInterfaceOrientationLandscapeRight";
				INFOPLIST_KEY_UISupportedInterfaceOrientations_iPhone = "UIInterfaceOrientationPortrait UIInterfaceOrientationLandscapeLeft UIInterfaceOrientationLandscapeRight";
				LD_RUNPATH_SEARCH_PATHS = (
					"$(inherited)",
					"@executable_path/Frameworks",
				);
				MARKETING_VERSION = 1.0;
				PRODUCT_BUNDLE_IDENTIFIER = test.Stepa;
				PRODUCT_NAME = "$(TARGET_NAME)";
				PROVISIONING_PROFILE_SPECIFIER = "";
				SWIFT_EMIT_LOC_STRINGS = YES;
				SWIFT_VERSION = 5.0;
				TARGETED_DEVICE_FAMILY = "1,2";
			};
			name = Release;
		};
		425E0C052B6B7F44007B1D84 /* Debug */ = {
			isa = XCBuildConfiguration;
			buildSettings = {
				ALWAYS_EMBED_SWIFT_STANDARD_LIBRARIES = YES;
				BUNDLE_LOADER = "$(TEST_HOST)";
				CODE_SIGN_STYLE = Automatic;
				CURRENT_PROJECT_VERSION = 1;
				GENERATE_INFOPLIST_FILE = YES;
				IPHONEOS_DEPLOYMENT_TARGET = 15.5;
				MARKETING_VERSION = 1.0;
				PRODUCT_BUNDLE_IDENTIFIER = test.StepaTests;
				PRODUCT_NAME = "$(TARGET_NAME)";
				SWIFT_EMIT_LOC_STRINGS = NO;
				SWIFT_VERSION = 5.0;
				TARGETED_DEVICE_FAMILY = "1,2";
				TEST_HOST = "$(BUILT_PRODUCTS_DIR)/Stepa.app/Stepa";
			};
			name = Debug;
		};
		425E0C062B6B7F44007B1D84 /* Release */ = {
			isa = XCBuildConfiguration;
			buildSettings = {
				ALWAYS_EMBED_SWIFT_STANDARD_LIBRARIES = YES;
				BUNDLE_LOADER = "$(TEST_HOST)";
				CODE_SIGN_STYLE = Automatic;
				CURRENT_PROJECT_VERSION = 1;
				GENERATE_INFOPLIST_FILE = YES;
				IPHONEOS_DEPLOYMENT_TARGET = 15.5;
				MARKETING_VERSION = 1.0;
				PRODUCT_BUNDLE_IDENTIFIER = test.StepaTests;
				PRODUCT_NAME = "$(TARGET_NAME)";
				SWIFT_EMIT_LOC_STRINGS = NO;
				SWIFT_VERSION = 5.0;
				TARGETED_DEVICE_FAMILY = "1,2";
				TEST_HOST = "$(BUILT_PRODUCTS_DIR)/Stepa.app/Stepa";
			};
			name = Release;
		};
		425E0C082B6B7F44007B1D84 /* Debug */ = {
			isa = XCBuildConfiguration;
			buildSettings = {
				ALWAYS_EMBED_SWIFT_STANDARD_LIBRARIES = YES;
				CODE_SIGN_STYLE = Automatic;
				CURRENT_PROJECT_VERSION = 1;
				GENERATE_INFOPLIST_FILE = YES;
				MARKETING_VERSION = 1.0;
				PRODUCT_BUNDLE_IDENTIFIER = test.StepaUITests;
				PRODUCT_NAME = "$(TARGET_NAME)";
				SWIFT_EMIT_LOC_STRINGS = NO;
				SWIFT_VERSION = 5.0;
				TARGETED_DEVICE_FAMILY = "1,2";
				TEST_TARGET_NAME = Stepa;
			};
			name = Debug;
		};
		425E0C092B6B7F44007B1D84 /* Release */ = {
			isa = XCBuildConfiguration;
			buildSettings = {
				ALWAYS_EMBED_SWIFT_STANDARD_LIBRARIES = YES;
				CODE_SIGN_STYLE = Automatic;
				CURRENT_PROJECT_VERSION = 1;
				GENERATE_INFOPLIST_FILE = YES;
				MARKETING_VERSION = 1.0;
				PRODUCT_BUNDLE_IDENTIFIER = test.StepaUITests;
				PRODUCT_NAME = "$(TARGET_NAME)";
				SWIFT_EMIT_LOC_STRINGS = NO;
				SWIFT_VERSION = 5.0;
				TARGETED_DEVICE_FAMILY = "1,2";
				TEST_TARGET_NAME = Stepa;
			};
			name = Release;
		};
/* End XCBuildConfiguration section */

/* Begin XCConfigurationList section */
		425E0BD82B6B7F05007B1D84 /* Build configuration list for PBXProject "Stepa" */ = {
			isa = XCConfigurationList;
			buildConfigurations = (
				425E0BFF2B6B7F44007B1D84 /* Debug */,
				425E0C002B6B7F44007B1D84 /* Release */,
			);
			defaultConfigurationIsVisible = 0;
			defaultConfigurationName = Release;
		};
		425E0C012B6B7F44007B1D84 /* Build configuration list for PBXNativeTarget "Stepa" */ = {
			isa = XCConfigurationList;
			buildConfigurations = (
				425E0C022B6B7F44007B1D84 /* Debug */,
				425E0C032B6B7F44007B1D84 /* Release */,
			);
			defaultConfigurationIsVisible = 0;
			defaultConfigurationName = Release;
		};
		425E0C042B6B7F44007B1D84 /* Build configuration list for PBXNativeTarget "StepaTests" */ = {
			isa = XCConfigurationList;
			buildConfigurations = (
				425E0C052B6B7F44007B1D84 /* Debug */,
				425E0C062B6B7F44007B1D84 /* Release */,
			);
			defaultConfigurationIsVisible = 0;
			defaultConfigurationName = Release;
		};
		425E0C072B6B7F44007B1D84 /* Build configuration list for PBXNativeTarget "StepaUITests" */ = {
			isa = XCConfigurationList;
			buildConfigurations = (
				425E0C082B6B7F44007B1D84 /* Debug */,
				425E0C092B6B7F44007B1D84 /* Release */,
			);
			defaultConfigurationIsVisible = 0;
			defaultConfigurationName = Release;
		};
/* End XCConfigurationList section */
	};
	rootObject = 425E0BD52B6B7F04007B1D84 /* Project object */;
}
