// !$*UTF8*$!
{
	archiveVersion = 1;
	classes = {
	};
	objectVersion = 55;
	objects = {

/* Begin PBXBuildFile section */
		423AB3362B7F873500E809A4 /* HealthKit.framework in Frameworks */ = {isa = PBXBuildFile; fileRef = 423AB3352B7F873500E809A4 /* HealthKit.framework */; };
		425E0BE12B6B7F05007B1D84 /* StepaApp.swift in Sources */ = {isa = PBXBuildFile; fileRef = 425E0BE02B6B7F05007B1D84 /* StepaApp.swift */; };
		425E0BE52B6B7F42007B1D84 /* Assets.xcassets in Resources */ = {isa = PBXBuildFile; fileRef = 425E0BE42B6B7F42007B1D84 /* Assets.xcassets */; };
		425E0BE82B6B7F42007B1D84 /* Preview Assets.xcassets in Resources */ = {isa = PBXBuildFile; fileRef = 425E0BE72B6B7F42007B1D84 /* Preview Assets.xcassets */; };
		425E0BF22B6B7F43007B1D84 /* StepaTests.swift in Sources */ = {isa = PBXBuildFile; fileRef = 425E0BF12B6B7F43007B1D84 /* StepaTests.swift */; };
		425E0BFC2B6B7F44007B1D84 /* StepaUITests.swift in Sources */ = {isa = PBXBuildFile; fileRef = 425E0BFB2B6B7F44007B1D84 /* StepaUITests.swift */; };
		425E0BFE2B6B7F44007B1D84 /* StepaUITestsLaunchTests.swift in Sources */ = {isa = PBXBuildFile; fileRef = 425E0BFD2B6B7F44007B1D84 /* StepaUITestsLaunchTests.swift */; };
		42BF9C022B90C145007D5A56 /* DeviceVerification.swift in Sources */ = {isa = PBXBuildFile; fileRef = 42BF9BEF2B90C144007D5A56 /* DeviceVerification.swift */; };
		42BF9C032B90C145007D5A56 /* Color+Extension.swift in Sources */ = {isa = PBXBuildFile; fileRef = 42BF9BF02B90C144007D5A56 /* Color+Extension.swift */; };
		42BF9C042B90C145007D5A56 /* HealthManager.swift in Sources */ = {isa = PBXBuildFile; fileRef = 42BF9BF12B90C144007D5A56 /* HealthManager.swift */; };
		42BF9C052B90C145007D5A56 /* RegistrationView.swift in Sources */ = {isa = PBXBuildFile; fileRef = 42BF9BF22B90C144007D5A56 /* RegistrationView.swift */; };
		42BF9C062B90C145007D5A56 /* OnBoarding.swift in Sources */ = {isa = PBXBuildFile; fileRef = 42BF9BF32B90C144007D5A56 /* OnBoarding.swift */; };
		42BF9C072B90C145007D5A56 /* UserRegistrationData.swift in Sources */ = {isa = PBXBuildFile; fileRef = 42BF9BF42B90C144007D5A56 /* UserRegistrationData.swift */; };
		42BF9C082B90C145007D5A56 /* Insurance.swift in Sources */ = {isa = PBXBuildFile; fileRef = 42BF9BF52B90C144007D5A56 /* Insurance.swift */; };
		42BF9C092B90C145007D5A56 /* Constants.swift in Sources */ = {isa = PBXBuildFile; fileRef = 42BF9BF62B90C144007D5A56 /* Constants.swift */; };
		42BF9C0A2B90C145007D5A56 /* ReedemView.swift in Sources */ = {isa = PBXBuildFile; fileRef = 42BF9BF72B90C144007D5A56 /* ReedemView.swift */; };
		42BF9C0B2B90C145007D5A56 /* Login.swift in Sources */ = {isa = PBXBuildFile; fileRef = 42BF9BF82B90C144007D5A56 /* Login.swift */; };
		42BF9C0C2B90C145007D5A56 /* EnterPin.swift in Sources */ = {isa = PBXBuildFile; fileRef = 42BF9BF92B90C144007D5A56 /* EnterPin.swift */; };
		42BF9C0D2B90C145007D5A56 /* ContentView.swift in Sources */ = {isa = PBXBuildFile; fileRef = 42BF9BFA2B90C144007D5A56 /* ContentView.swift */; };
		42BF9C0E2B90C145007D5A56 /* RegistrationDetailsViewModel.swift in Sources */ = {isa = PBXBuildFile; fileRef = 42BF9BFB2B90C145007D5A56 /* RegistrationDetailsViewModel.swift */; };
		42BF9C0F2B90C145007D5A56 /* SplashView.swift in Sources */ = {isa = PBXBuildFile; fileRef = 42BF9BFC2B90C145007D5A56 /* SplashView.swift */; };
		42BF9C102B90C145007D5A56 /* toastMessages.swift in Sources */ = {isa = PBXBuildFile; fileRef = 42BF9BFD2B90C145007D5A56 /* toastMessages.swift */; };
		42BF9C122B90C145007D5A56 /* Dashboard.swift in Sources */ = {isa = PBXBuildFile; fileRef = 42BF9BFF2B90C145007D5A56 /* Dashboard.swift */; };
		42BF9C132B90C145007D5A56 /* RegistrationDetails.swift in Sources */ = {isa = PBXBuildFile; fileRef = 42BF9C002B90C145007D5A56 /* RegistrationDetails.swift */; };
		42BF9C142B90C145007D5A56 /* NetworkManager.swift in Sources */ = {isa = PBXBuildFile; fileRef = 42BF9C012B90C145007D5A56 /* NetworkManager.swift */; };
		5B571C9061CD4644AC384017 /* Pods_Stepa_StepaUITests.framework in Frameworks */ = {isa = PBXBuildFile; fileRef = CF88D4012A787ACCCDA5AC02 /* Pods_Stepa_StepaUITests.framework */; };
		B635F118F3A0FC54C8C814F0 /* Pods_StepaTests.framework in Frameworks */ = {isa = PBXBuildFile; fileRef = 492C94E310982FF3D52035A5 /* Pods_StepaTests.framework */; };
/* End PBXBuildFile section */

/* Begin PBXContainerItemProxy section */
		425E0BEE2B6B7F43007B1D84 /* PBXContainerItemProxy */ = {
			isa = PBXContainerItemProxy;
			containerPortal = 425E0BD52B6B7F04007B1D84 /* Project object */;
			proxyType = 1;
			remoteGlobalIDString = 425E0BDC2B6B7F05007B1D84;
			remoteInfo = Stepa;
		};
		425E0BF82B6B7F44007B1D84 /* PBXContainerItemProxy */ = {
			isa = PBXContainerItemProxy;
			containerPortal = 425E0BD52B6B7F04007B1D84 /* Project object */;
			proxyType = 1;
			remoteGlobalIDString = 425E0BDC2B6B7F05007B1D84;
			remoteInfo = Stepa;
		};
/* End PBXContainerItemProxy section */

/* Begin PBXFileReference section */
		3BF5FFA387B33ACA22FE17D1 /* Pods-StepaTests.release.xcconfig */ = {isa = PBXFileReference; includeInIndex = 1; lastKnownFileType = text.xcconfig; name = "Pods-StepaTests.release.xcconfig"; path = "Target Support Files/Pods-StepaTests/Pods-StepaTests.release.xcconfig"; sourceTree = "<group>"; };
		423AB3332B7F873400E809A4 /* Stepa.entitlements */ = {isa = PBXFileReference; lastKnownFileType = text.plist.entitlements; path = Stepa.entitlements; sourceTree = "<group>"; };
		423AB3352B7F873500E809A4 /* HealthKit.framework */ = {isa = PBXFileReference; lastKnownFileType = wrapper.framework; name = HealthKit.framework; path = System/Library/Frameworks/HealthKit.framework; sourceTree = SDKROOT; };
		425E0BDD2B6B7F05007B1D84 /* Stepa.app */ = {isa = PBXFileReference; explicitFileType = wrapper.application; includeInIndex = 0; path = Stepa.app; sourceTree = BUILT_PRODUCTS_DIR; };
		425E0BE02B6B7F05007B1D84 /* StepaApp.swift */ = {isa = PBXFileReference; lastKnownFileType = sourcecode.swift; path = StepaApp.swift; sourceTree = "<group>"; };
		425E0BE42B6B7F42007B1D84 /* Assets.xcassets */ = {isa = PBXFileReference; lastKnownFileType = folder.assetcatalog; path = Assets.xcassets; sourceTree = "<group>"; };
		425E0BE72B6B7F42007B1D84 /* Preview Assets.xcassets */ = {isa = PBXFileReference; lastKnownFileType = folder.assetcatalog; path = "Preview Assets.xcassets"; sourceTree = "<group>"; };
		425E0BED2B6B7F43007B1D84 /* StepaTests.xctest */ = {isa = PBXFileReference; explicitFileType = wrapper.cfbundle; includeInIndex = 0; path = StepaTests.xctest; sourceTree = BUILT_PRODUCTS_DIR; };
		425E0BF12B6B7F43007B1D84 /* StepaTests.swift */ = {isa = PBXFileReference; lastKnownFileType = sourcecode.swift; path = StepaTests.swift; sourceTree = "<group>"; };
		425E0BF72B6B7F43007B1D84 /* StepaUITests.xctest */ = {isa = PBXFileReference; explicitFileType = wrapper.cfbundle; includeInIndex = 0; path = StepaUITests.xctest; sourceTree = BUILT_PRODUCTS_DIR; };
		425E0BFB2B6B7F44007B1D84 /* StepaUITests.swift */ = {isa = PBXFileReference; lastKnownFileType = sourcecode.swift; path = StepaUITests.swift; sourceTree = "<group>"; };
		425E0BFD2B6B7F44007B1D84 /* StepaUITestsLaunchTests.swift */ = {isa = PBXFileReference; lastKnownFileType = sourcecode.swift; path = StepaUITestsLaunchTests.swift; sourceTree = "<group>"; };
		426FA31C2B8619B500907D8A /* Info.plist */ = {isa = PBXFileReference; lastKnownFileType = text.plist; path = Info.plist; sourceTree = "<group>"; };
		42BF9BEF2B90C144007D5A56 /* DeviceVerification.swift */ = {isa = PBXFileReference; fileEncoding = 4; lastKnownFileType = sourcecode.swift; name = DeviceVerification.swift; path = ../../../.Trash/DeviceVerification.swift; sourceTree = "<group>"; };
		42BF9BF02B90C144007D5A56 /* Color+Extension.swift */ = {isa = PBXFileReference; fileEncoding = 4; lastKnownFileType = sourcecode.swift; name = "Color+Extension.swift"; path = "../../../.Trash/Color+Extension.swift"; sourceTree = "<group>"; };
		42BF9BF12B90C144007D5A56 /* HealthManager.swift */ = {isa = PBXFileReference; fileEncoding = 4; lastKnownFileType = sourcecode.swift; name = HealthManager.swift; path = ../../../.Trash/HealthManager.swift; sourceTree = "<group>"; };
		42BF9BF22B90C144007D5A56 /* RegistrationView.swift */ = {isa = PBXFileReference; fileEncoding = 4; lastKnownFileType = sourcecode.swift; name = RegistrationView.swift; path = ../../../.Trash/RegistrationView.swift; sourceTree = "<group>"; };
		42BF9BF32B90C144007D5A56 /* OnBoarding.swift */ = {isa = PBXFileReference; fileEncoding = 4; lastKnownFileType = sourcecode.swift; name = OnBoarding.swift; path = ../../../.Trash/OnBoarding.swift; sourceTree = "<group>"; };
		42BF9BF42B90C144007D5A56 /* UserRegistrationData.swift */ = {isa = PBXFileReference; fileEncoding = 4; lastKnownFileType = sourcecode.swift; name = UserRegistrationData.swift; path = ../../../.Trash/UserRegistrationData.swift; sourceTree = "<group>"; };
		42BF9BF52B90C144007D5A56 /* Insurance.swift */ = {isa = PBXFileReference; fileEncoding = 4; lastKnownFileType = sourcecode.swift; name = Insurance.swift; path = ../../../.Trash/Insurance.swift; sourceTree = "<group>"; };
		42BF9BF62B90C144007D5A56 /* Constants.swift */ = {isa = PBXFileReference; fileEncoding = 4; lastKnownFileType = sourcecode.swift; name = Constants.swift; path = ../../../.Trash/Constants.swift; sourceTree = "<group>"; };
		42BF9BF72B90C144007D5A56 /* ReedemView.swift */ = {isa = PBXFileReference; fileEncoding = 4; lastKnownFileType = sourcecode.swift; name = ReedemView.swift; path = ../../../.Trash/ReedemView.swift; sourceTree = "<group>"; };
		42BF9BF82B90C144007D5A56 /* Login.swift */ = {isa = PBXFileReference; fileEncoding = 4; lastKnownFileType = sourcecode.swift; name = Login.swift; path = ../../../.Trash/Login.swift; sourceTree = "<group>"; };
		42BF9BF92B90C144007D5A56 /* EnterPin.swift */ = {isa = PBXFileReference; fileEncoding = 4; lastKnownFileType = sourcecode.swift; name = EnterPin.swift; path = ../../../.Trash/EnterPin.swift; sourceTree = "<group>"; };
		42BF9BFA2B90C144007D5A56 /* ContentView.swift */ = {isa = PBXFileReference; fileEncoding = 4; lastKnownFileType = sourcecode.swift; name = ContentView.swift; path = ../../../.Trash/ContentView.swift; sourceTree = "<group>"; };
		42BF9BFB2B90C145007D5A56 /* RegistrationDetailsViewModel.swift */ = {isa = PBXFileReference; fileEncoding = 4; lastKnownFileType = sourcecode.swift; name = RegistrationDetailsViewModel.swift; path = ../../../.Trash/RegistrationDetailsViewModel.swift; sourceTree = "<group>"; };
		42BF9BFC2B90C145007D5A56 /* SplashView.swift */ = {isa = PBXFileReference; fileEncoding = 4; lastKnownFileType = sourcecode.swift; name = SplashView.swift; path = ../../../.Trash/SplashView.swift; sourceTree = "<group>"; };
		42BF9BFD2B90C145007D5A56 /* toastMessages.swift */ = {isa = PBXFileReference; fileEncoding = 4; lastKnownFileType = sourcecode.swift; name = toastMessages.swift; path = ../../../.Trash/toastMessages.swift; sourceTree = "<group>"; };
		42BF9BFF2B90C145007D5A56 /* Dashboard.swift */ = {isa = PBXFileReference; fileEncoding = 4; lastKnownFileType = sourcecode.swift; name = Dashboard.swift; path = ../../../.Trash/Dashboard.swift; sourceTree = "<group>"; };
		42BF9C002B90C145007D5A56 /* RegistrationDetails.swift */ = {isa = PBXFileReference; fileEncoding = 4; lastKnownFileType = sourcecode.swift; name = RegistrationDetails.swift; path = ../../../.Trash/RegistrationDetails.swift; sourceTree = "<group>"; };
		42BF9C012B90C145007D5A56 /* NetworkManager.swift */ = {isa = PBXFileReference; fileEncoding = 4; lastKnownFileType = sourcecode.swift; name = NetworkManager.swift; path = ../../../.Trash/NetworkManager.swift; sourceTree = "<group>"; };
		492C94E310982FF3D52035A5 /* Pods_StepaTests.framework */ = {isa = PBXFileReference; explicitFileType = wrapper.framework; includeInIndex = 0; path = Pods_StepaTests.framework; sourceTree = BUILT_PRODUCTS_DIR; };
		50E68948D666A0F3FF717257 /* Pods-Stepa.debug.xcconfig */ = {isa = PBXFileReference; includeInIndex = 1; lastKnownFileType = text.xcconfig; name = "Pods-Stepa.debug.xcconfig"; path = "Target Support Files/Pods-Stepa/Pods-Stepa.debug.xcconfig"; sourceTree = "<group>"; };
		776F491CC5B27353CBEC636B /* Pods-Stepa-StepaUITests.release.xcconfig */ = {isa = PBXFileReference; includeInIndex = 1; lastKnownFileType = text.xcconfig; name = "Pods-Stepa-StepaUITests.release.xcconfig"; path = "Target Support Files/Pods-Stepa-StepaUITests/Pods-Stepa-StepaUITests.release.xcconfig"; sourceTree = "<group>"; };
		839A99B4752C4EE43606AB7B /* Pods-Stepa.release.xcconfig */ = {isa = PBXFileReference; includeInIndex = 1; lastKnownFileType = text.xcconfig; name = "Pods-Stepa.release.xcconfig"; path = "Target Support Files/Pods-Stepa/Pods-Stepa.release.xcconfig"; sourceTree = "<group>"; };
		9F5925F3C6CBD6B08465A920 /* Pods-StepaTests.debug.xcconfig */ = {isa = PBXFileReference; includeInIndex = 1; lastKnownFileType = text.xcconfig; name = "Pods-StepaTests.debug.xcconfig"; path = "Target Support Files/Pods-StepaTests/Pods-StepaTests.debug.xcconfig"; sourceTree = "<group>"; };
		A5C278039E8571FBBD9F432E /* Pods_Stepa.framework */ = {isa = PBXFileReference; explicitFileType = wrapper.framework; includeInIndex = 0; path = Pods_Stepa.framework; sourceTree = BUILT_PRODUCTS_DIR; };
		A7C4BF96F03FFD57AD4581E9 /* Pods-Stepa-StepaUITests.debug.xcconfig */ = {isa = PBXFileReference; includeInIndex = 1; lastKnownFileType = text.xcconfig; name = "Pods-Stepa-StepaUITests.debug.xcconfig"; path = "Target Support Files/Pods-Stepa-StepaUITests/Pods-Stepa-StepaUITests.debug.xcconfig"; sourceTree = "<group>"; };
		CF88D4012A787ACCCDA5AC02 /* Pods_Stepa_StepaUITests.framework */ = {isa = PBXFileReference; explicitFileType = wrapper.framework; includeInIndex = 0; path = Pods_Stepa_StepaUITests.framework; sourceTree = BUILT_PRODUCTS_DIR; };
/* End PBXFileReference section */

/* Begin PBXFrameworksBuildPhase section */
		425E0BDA2B6B7F05007B1D84 /* Frameworks */ = {
			isa = PBXFrameworksBuildPhase;
			buildActionMask = 2147483647;
			files = (
				423AB3362B7F873500E809A4 /* HealthKit.framework in Frameworks */,
			);
			runOnlyForDeploymentPostprocessing = 0;
		};
		425E0BEA2B6B7F43007B1D84 /* Frameworks */ = {
			isa = PBXFrameworksBuildPhase;
			buildActionMask = 2147483647;
			files = (
				B635F118F3A0FC54C8C814F0 /* Pods_StepaTests.framework in Frameworks */,
			);
			runOnlyForDeploymentPostprocessing = 0;
		};
		425E0BF42B6B7F43007B1D84 /* Frameworks */ = {
			isa = PBXFrameworksBuildPhase;
			buildActionMask = 2147483647;
			files = (
				5B571C9061CD4644AC384017 /* Pods_Stepa_StepaUITests.framework in Frameworks */,
			);
			runOnlyForDeploymentPostprocessing = 0;
		};
/* End PBXFrameworksBuildPhase section */

/* Begin PBXGroup section */
		423AB3342B7F873500E809A4 /* Frameworks */ = {
			isa = PBXGroup;
			children = (
				423AB3352B7F873500E809A4 /* HealthKit.framework */,
				A5C278039E8571FBBD9F432E /* Pods_Stepa.framework */,
				CF88D4012A787ACCCDA5AC02 /* Pods_Stepa_StepaUITests.framework */,
				492C94E310982FF3D52035A5 /* Pods_StepaTests.framework */,
			);
			name = Frameworks;
			sourceTree = "<group>";
		};
		425E0BD42B6B7F04007B1D84 = {
			isa = PBXGroup;
			children = (
				425E0BDF2B6B7F05007B1D84 /* Stepa */,
				425E0BF02B6B7F43007B1D84 /* StepaTests */,
				425E0BFA2B6B7F44007B1D84 /* StepaUITests */,
				425E0BDE2B6B7F05007B1D84 /* Products */,
				423AB3342B7F873500E809A4 /* Frameworks */,
				42F0AB8B4BED5148597084F2 /* Pods */,
			);
			sourceTree = "<group>";
		};
		425E0BDE2B6B7F05007B1D84 /* Products */ = {
			isa = PBXGroup;
			children = (
				425E0BDD2B6B7F05007B1D84 /* Stepa.app */,
				425E0BED2B6B7F43007B1D84 /* StepaTests.xctest */,
				425E0BF72B6B7F43007B1D84 /* StepaUITests.xctest */,
			);
			name = Products;
			sourceTree = "<group>";
		};
		425E0BDF2B6B7F05007B1D84 /* Stepa */ = {
			isa = PBXGroup;
			children = (
				426FA31C2B8619B500907D8A /* Info.plist */,
				423AB3332B7F873400E809A4 /* Stepa.entitlements */,
				425E0BE02B6B7F05007B1D84 /* StepaApp.swift */,
				42BF9BF52B90C144007D5A56 /* Insurance.swift */,
				42BF9BF82B90C144007D5A56 /* Login.swift */,
				42BF9C012B90C145007D5A56 /* NetworkManager.swift */,
				42BF9BF02B90C144007D5A56 /* Color+Extension.swift */,
				42BF9BF62B90C144007D5A56 /* Constants.swift */,
				42BF9BFA2B90C144007D5A56 /* ContentView.swift */,
				42BF9BFF2B90C145007D5A56 /* Dashboard.swift */,
				42BF9BF92B90C144007D5A56 /* EnterPin.swift */,
				42BF9BF32B90C144007D5A56 /* OnBoarding.swift */,
				42BF9BF72B90C144007D5A56 /* ReedemView.swift */,
				42BF9C002B90C145007D5A56 /* RegistrationDetails.swift */,
				42BF9BFB2B90C145007D5A56 /* RegistrationDetailsViewModel.swift */,
				42BF9BFC2B90C145007D5A56 /* SplashView.swift */,
				42BF9BFD2B90C145007D5A56 /* toastMessages.swift */,
				42BF9BEF2B90C144007D5A56 /* DeviceVerification.swift */,
				42BF9BF12B90C144007D5A56 /* HealthManager.swift */,
				42BF9BF22B90C144007D5A56 /* RegistrationView.swift */,
				42BF9BF42B90C144007D5A56 /* UserRegistrationData.swift */,
				425E0BE42B6B7F42007B1D84 /* Assets.xcassets */,
				425E0BE62B6B7F42007B1D84 /* Preview Content */,
			);
			path = Stepa;
			sourceTree = "<group>";
		};
		425E0BE62B6B7F42007B1D84 /* Preview Content */ = {
			isa = PBXGroup;
			children = (
				425E0BE72B6B7F42007B1D84 /* Preview Assets.xcassets */,
			);
			path = "Preview Content";
			sourceTree = "<group>";
		};
		425E0BF02B6B7F43007B1D84 /* StepaTests */ = {
			isa = PBXGroup;
			children = (
				425E0BF12B6B7F43007B1D84 /* StepaTests.swift */,
			);
			path = StepaTests;
			sourceTree = "<group>";
		};
		425E0BFA2B6B7F44007B1D84 /* StepaUITests */ = {
			isa = PBXGroup;
			children = (
				425E0BFB2B6B7F44007B1D84 /* StepaUITests.swift */,
				425E0BFD2B6B7F44007B1D84 /* StepaUITestsLaunchTests.swift */,
			);
			path = StepaUITests;
			sourceTree = "<group>";
		};
		42F0AB8B4BED5148597084F2 /* Pods */ = {
			isa = PBXGroup;
			children = (
				50E68948D666A0F3FF717257 /* Pods-Stepa.debug.xcconfig */,
				839A99B4752C4EE43606AB7B /* Pods-Stepa.release.xcconfig */,
				A7C4BF96F03FFD57AD4581E9 /* Pods-Stepa-StepaUITests.debug.xcconfig */,
				776F491CC5B27353CBEC636B /* Pods-Stepa-StepaUITests.release.xcconfig */,
				9F5925F3C6CBD6B08465A920 /* Pods-StepaTests.debug.xcconfig */,
				3BF5FFA387B33ACA22FE17D1 /* Pods-StepaTests.release.xcconfig */,
			);
			path = Pods;
			sourceTree = "<group>";
		};
/* End PBXGroup section */

/* Begin PBXNativeTarget section */
		425E0BDC2B6B7F05007B1D84 /* Stepa */ = {
			isa = PBXNativeTarget;
			buildConfigurationList = 425E0C012B6B7F44007B1D84 /* Build configuration list for PBXNativeTarget "Stepa" */;
			buildPhases = (
				75996333A5417BCFF82F925C /* [CP] Check Pods Manifest.lock */,
				425E0BD92B6B7F05007B1D84 /* Sources */,
				425E0BDA2B6B7F05007B1D84 /* Frameworks */,
				425E0BDB2B6B7F05007B1D84 /* Resources */,
			);
			buildRules = (
			);
			dependencies = (
			);
			name = Stepa;
			productName = Stepa;
			productReference = 425E0BDD2B6B7F05007B1D84 /* Stepa.app */;
			productType = "com.apple.product-type.application";
		};
		425E0BEC2B6B7F43007B1D84 /* StepaTests */ = {
			isa = PBXNativeTarget;
			buildConfigurationList = 425E0C042B6B7F44007B1D84 /* Build configuration list for PBXNativeTarget "StepaTests" */;
			buildPhases = (
				10A51F46E8350CAB1CF24890 /* [CP] Check Pods Manifest.lock */,
				425E0BE92B6B7F43007B1D84 /* Sources */,
				425E0BEA2B6B7F43007B1D84 /* Frameworks */,
				425E0BEB2B6B7F43007B1D84 /* Resources */,
			);
			buildRules = (
			);
			dependencies = (
				425E0BEF2B6B7F43007B1D84 /* PBXTargetDependency */,
			);
			name = StepaTests;
			productName = StepaTests;
			productReference = 425E0BED2B6B7F43007B1D84 /* StepaTests.xctest */;
			productType = "com.apple.product-type.bundle.unit-test";
		};
		425E0BF62B6B7F43007B1D84 /* StepaUITests */ = {
			isa = PBXNativeTarget;
			buildConfigurationList = 425E0C072B6B7F44007B1D84 /* Build configuration list for PBXNativeTarget "StepaUITests" */;
			buildPhases = (
				773A298077CFE8920BDE1A3D /* [CP] Check Pods Manifest.lock */,
				425E0BF32B6B7F43007B1D84 /* Sources */,
				425E0BF42B6B7F43007B1D84 /* Frameworks */,
				425E0BF52B6B7F43007B1D84 /* Resources */,
			);
			buildRules = (
			);
			dependencies = (
				425E0BF92B6B7F44007B1D84 /* PBXTargetDependency */,
			);
			name = StepaUITests;
			productName = StepaUITests;
			productReference = 425E0BF72B6B7F43007B1D84 /* StepaUITests.xctest */;
			productType = "com.apple.product-type.bundle.ui-testing";
		};
/* End PBXNativeTarget section */

/* Begin PBXProject section */
		425E0BD52B6B7F04007B1D84 /* Project object */ = {
			isa = PBXProject;
			attributes = {
				BuildIndependentTargetsInParallel = 1;
				LastSwiftUpdateCheck = 1340;
				LastUpgradeCheck = 1340;
				TargetAttributes = {
					425E0BDC2B6B7F05007B1D84 = {
						CreatedOnToolsVersion = 13.4.1;
					};
					425E0BEC2B6B7F43007B1D84 = {
						CreatedOnToolsVersion = 13.4.1;
						TestTargetID = 425E0BDC2B6B7F05007B1D84;
					};
					425E0BF62B6B7F43007B1D84 = {
						CreatedOnToolsVersion = 13.4.1;
						TestTargetID = 425E0BDC2B6B7F05007B1D84;
					};
				};
			};
			buildConfigurationList = 425E0BD82B6B7F05007B1D84 /* Build configuration list for PBXProject "Stepa" */;
			compatibilityVersion = "Xcode 13.0";
			developmentRegion = en;
			hasScannedForEncodings = 0;
			knownRegions = (
				en,
				Base,
			);
			mainGroup = 425E0BD42B6B7F04007B1D84;
			productRefGroup = 425E0BDE2B6B7F05007B1D84 /* Products */;
			projectDirPath = "";
			projectRoot = "";
			targets = (
				425E0BDC2B6B7F05007B1D84 /* Stepa */,
				425E0BEC2B6B7F43007B1D84 /* StepaTests */,
				425E0BF62B6B7F43007B1D84 /* StepaUITests */,
			);
		};
/* End PBXProject section */

/* Begin PBXResourcesBuildPhase section */
		425E0BDB2B6B7F05007B1D84 /* Resources */ = {
			isa = PBXResourcesBuildPhase;
			buildActionMask = 2147483647;
			files = (
				425E0BE82B6B7F42007B1D84 /* Preview Assets.xcassets in Resources */,
				425E0BE52B6B7F42007B1D84 /* Assets.xcassets in Resources */,
			);
			runOnlyForDeploymentPostprocessing = 0;
		};
		425E0BEB2B6B7F43007B1D84 /* Resources */ = {
			isa = PBXResourcesBuildPhase;
			buildActionMask = 2147483647;
			files = (
			);
			runOnlyForDeploymentPostprocessing = 0;
		};
		425E0BF52B6B7F43007B1D84 /* Resources */ = {
			isa = PBXResourcesBuildPhase;
			buildActionMask = 2147483647;
			files = (
			);
			runOnlyForDeploymentPostprocessing = 0;
		};
/* End PBXResourcesBuildPhase section */

/* Begin PBXShellScriptBuildPhase section */
		10A51F46E8350CAB1CF24890 /* [CP] Check Pods Manifest.lock */ = {
			isa = PBXShellScriptBuildPhase;
			buildActionMask = 2147483647;
			files = (
			);
			inputFileListPaths = (
			);
			inputPaths = (
				"${PODS_PODFILE_DIR_PATH}/Podfile.lock",
				"${PODS_ROOT}/Manifest.lock",
			);
			name = "[CP] Check Pods Manifest.lock";
			outputFileListPaths = (
			);
			outputPaths = (
				"$(DERIVED_FILE_DIR)/Pods-StepaTests-checkManifestLockResult.txt",
			);
			runOnlyForDeploymentPostprocessing = 0;
			shellPath = /bin/sh;
			shellScript = "diff \"${PODS_PODFILE_DIR_PATH}/Podfile.lock\" \"${PODS_ROOT}/Manifest.lock\" > /dev/null\nif [ $? != 0 ] ; then\n    # print error to STDERR\n    echo \"error: The sandbox is not in sync with the Podfile.lock. Run 'pod install' or update your CocoaPods installation.\" >&2\n    exit 1\nfi\n# This output is used by Xcode 'outputs' to avoid re-running this script phase.\necho \"SUCCESS\" > \"${SCRIPT_OUTPUT_FILE_0}\"\n";
			showEnvVarsInLog = 0;
		};
		75996333A5417BCFF82F925C /* [CP] Check Pods Manifest.lock */ = {
			isa = PBXShellScriptBuildPhase;
			buildActionMask = 2147483647;
			files = (
			);
			inputFileListPaths = (
			);
			inputPaths = (
				"${PODS_PODFILE_DIR_PATH}/Podfile.lock",
				"${PODS_ROOT}/Manifest.lock",
			);
			name = "[CP] Check Pods Manifest.lock";
			outputFileListPaths = (
			);
			outputPaths = (
				"$(DERIVED_FILE_DIR)/Pods-Stepa-checkManifestLockResult.txt",
			);
			runOnlyForDeploymentPostprocessing = 0;
			shellPath = /bin/sh;
			shellScript = "diff \"${SRCROOT}/Podfile.lock\" \"${SRCROOT}/Pods/Manifest.lock\" > /dev/null\n\nif [ $? != 0 ] ; then\n    # print error to STDERR\n    echo \"error: The sandbox is not in sync with the Podfile.lock. Run 'pod install' or update your CocoaPods installation.\" >&2\n    exit 1\nfi\n# This output is used by Xcode 'outputs' to avoid re-running this script phase.\necho \"SUCCESS\" > \"${SCRIPT_OUTPUT_FILE_0}\"\n";
			showEnvVarsInLog = 0;
		};
		773A298077CFE8920BDE1A3D /* [CP] Check Pods Manifest.lock */ = {
			isa = PBXShellScriptBuildPhase;
			buildActionMask = 2147483647;
			files = (
			);
			inputFileListPaths = (
			);
			inputPaths = (
				"${PODS_PODFILE_DIR_PATH}/Podfile.lock",
				"${PODS_ROOT}/Manifest.lock",
			);
			name = "[CP] Check Pods Manifest.lock";
			outputFileListPaths = (
			);
			outputPaths = (
				"$(DERIVED_FILE_DIR)/Pods-Stepa-StepaUITests-checkManifestLockResult.txt",
			);
			runOnlyForDeploymentPostprocessing = 0;
			shellPath = /bin/sh;
			shellScript = "diff \"${PODS_PODFILE_DIR_PATH}/Podfile.lock\" \"${PODS_ROOT}/Manifest.lock\" > /dev/null\nif [ $? != 0 ] ; then\n    # print error to STDERR\n    echo \"error: The sandbox is not in sync with the Podfile.lock. Run 'pod install' or update your CocoaPods installation.\" >&2\n    exit 1\nfi\n# This output is used by Xcode 'outputs' to avoid re-running this script phase.\necho \"SUCCESS\" > \"${SCRIPT_OUTPUT_FILE_0}\"\n";
			showEnvVarsInLog = 0;
		};
/* End PBXShellScriptBuildPhase section */

/* Begin PBXSourcesBuildPhase section */
		425E0BD92B6B7F05007B1D84 /* Sources */ = {
			isa = PBXSourcesBuildPhase;
			buildActionMask = 2147483647;
			files = (
				42BF9C032B90C145007D5A56 /* Color+Extension.swift in Sources */,
				42BF9C052B90C145007D5A56 /* RegistrationView.swift in Sources */,
				42BF9C0B2B90C145007D5A56 /* Login.swift in Sources */,
				425E0BE12B6B7F05007B1D84 /* StepaApp.swift in Sources */,
				42BF9C0C2B90C145007D5A56 /* EnterPin.swift in Sources */,
				42BF9C082B90C145007D5A56 /* Insurance.swift in Sources */,
				42BF9C0D2B90C145007D5A56 /* ContentView.swift in Sources */,
				42BF9C122B90C145007D5A56 /* Dashboard.swift in Sources */,
				42BF9C022B90C145007D5A56 /* DeviceVerification.swift in Sources */,
				42BF9C142B90C145007D5A56 /* NetworkManager.swift in Sources */,
				42BF9C0E2B90C145007D5A56 /* RegistrationDetailsViewModel.swift in Sources */,
				42BF9C102B90C145007D5A56 /* toastMessages.swift in Sources */,
				42BF9C042B90C145007D5A56 /* HealthManager.swift in Sources */,
				42BF9C0F2B90C145007D5A56 /* SplashView.swift in Sources */,
				42BF9C132B90C145007D5A56 /* RegistrationDetails.swift in Sources */,
				42BF9C072B90C145007D5A56 /* UserRegistrationData.swift in Sources */,
				42BF9C0A2B90C145007D5A56 /* ReedemView.swift in Sources */,
				42BF9C062B90C145007D5A56 /* OnBoarding.swift in Sources */,
				42BF9C092B90C145007D5A56 /* Constants.swift in Sources */,
			);
			runOnlyForDeploymentPostprocessing = 0;
		};
		425E0BE92B6B7F43007B1D84 /* Sources */ = {
			isa = PBXSourcesBuildPhase;
			buildActionMask = 2147483647;
			files = (
				425E0BF22B6B7F43007B1D84 /* StepaTests.swift in Sources */,
			);
			runOnlyForDeploymentPostprocessing = 0;
		};
		425E0BF32B6B7F43007B1D84 /* Sources */ = {
			isa = PBXSourcesBuildPhase;
			buildActionMask = 2147483647;
			files = (
				425E0BFE2B6B7F44007B1D84 /* StepaUITestsLaunchTests.swift in Sources */,
				425E0BFC2B6B7F44007B1D84 /* StepaUITests.swift in Sources */,
			);
			runOnlyForDeploymentPostprocessing = 0;
		};
/* End PBXSourcesBuildPhase section */

/* Begin PBXTargetDependency section */
		425E0BEF2B6B7F43007B1D84 /* PBXTargetDependency */ = {
			isa = PBXTargetDependency;
			target = 425E0BDC2B6B7F05007B1D84 /* Stepa */;
			targetProxy = 425E0BEE2B6B7F43007B1D84 /* PBXContainerItemProxy */;
		};
		425E0BF92B6B7F44007B1D84 /* PBXTargetDependency */ = {
			isa = PBXTargetDependency;
			target = 425E0BDC2B6B7F05007B1D84 /* Stepa */;
			targetProxy = 425E0BF82B6B7F44007B1D84 /* PBXContainerItemProxy */;
		};
/* End PBXTargetDependency section */

/* Begin XCBuildConfiguration section */
		425E0BFF2B6B7F44007B1D84 /* Debug */ = {
			isa = XCBuildConfiguration;
			buildSettings = {
				ALWAYS_SEARCH_USER_PATHS = NO;
				CLANG_ANALYZER_NONNULL = YES;
				CLANG_ANALYZER_NUMBER_OBJECT_CONVERSION = YES_AGGRESSIVE;
				CLANG_CXX_LANGUAGE_STANDARD = "gnu++17";
				CLANG_ENABLE_MODULES = YES;
				CLANG_ENABLE_OBJC_ARC = YES;
				CLANG_ENABLE_OBJC_WEAK = YES;
				CLANG_WARN_BLOCK_CAPTURE_AUTORELEASING = YES;
				CLANG_WARN_BOOL_CONVERSION = YES;
				CLANG_WARN_COMMA = YES;
				CLANG_WARN_CONSTANT_CONVERSION = YES;
				CLANG_WARN_DEPRECATED_OBJC_IMPLEMENTATIONS = YES;
				CLANG_WARN_DIRECT_OBJC_ISA_USAGE = YES_ERROR;
				CLANG_WARN_DOCUMENTATION_COMMENTS = YES;
				CLANG_WARN_EMPTY_BODY = YES;
				CLANG_WARN_ENUM_CONVERSION = YES;
				CLANG_WARN_INFINITE_RECURSION = YES;
				CLANG_WARN_INT_CONVERSION = YES;
				CLANG_WARN_NON_LITERAL_NULL_CONVERSION = YES;
				CLANG_WARN_OBJC_IMPLICIT_RETAIN_SELF = YES;
				CLANG_WARN_OBJC_LITERAL_CONVERSION = YES;
				CLANG_WARN_OBJC_ROOT_CLASS = YES_ERROR;
				CLANG_WARN_QUOTED_INCLUDE_IN_FRAMEWORK_HEADER = YES;
				CLANG_WARN_RANGE_LOOP_ANALYSIS = YES;
				CLANG_WARN_STRICT_PROTOTYPES = YES;
				CLANG_WARN_SUSPICIOUS_MOVE = YES;
				CLANG_WARN_UNGUARDED_AVAILABILITY = YES_AGGRESSIVE;
				CLANG_WARN_UNREACHABLE_CODE = YES;
				CLANG_WARN__DUPLICATE_METHOD_MATCH = YES;
				COPY_PHASE_STRIP = NO;
				DEBUG_INFORMATION_FORMAT = dwarf;
				ENABLE_STRICT_OBJC_MSGSEND = YES;
				ENABLE_TESTABILITY = YES;
				GCC_C_LANGUAGE_STANDARD = gnu11;
				GCC_DYNAMIC_NO_PIC = NO;
				GCC_NO_COMMON_BLOCKS = YES;
				GCC_OPTIMIZATION_LEVEL = 0;
				GCC_PREPROCESSOR_DEFINITIONS = (
					"DEBUG=1",
					"$(inherited)",
				);
				GCC_WARN_64_TO_32_BIT_CONVERSION = YES;
				GCC_WARN_ABOUT_RETURN_TYPE = YES_ERROR;
				GCC_WARN_UNDECLARED_SELECTOR = YES;
				GCC_WARN_UNINITIALIZED_AUTOS = YES_AGGRESSIVE;
				GCC_WARN_UNUSED_FUNCTION = YES;
				GCC_WARN_UNUSED_VARIABLE = YES;
				IPHONEOS_DEPLOYMENT_TARGET = 15.5;
				MTL_ENABLE_DEBUG_INFO = INCLUDE_SOURCE;
				MTL_FAST_MATH = YES;
				ONLY_ACTIVE_ARCH = YES;
				SDKROOT = iphoneos;
				SWIFT_ACTIVE_COMPILATION_CONDITIONS = DEBUG;
				SWIFT_OPTIMIZATION_LEVEL = "-Onone";
			};
			name = Debug;
		};
		425E0C002B6B7F44007B1D84 /* Release */ = {
			isa = XCBuildConfiguration;
			buildSettings = {
				ALWAYS_SEARCH_USER_PATHS = NO;
				CLANG_ANALYZER_NONNULL = YES;
				CLANG_ANALYZER_NUMBER_OBJECT_CONVERSION = YES_AGGRESSIVE;
				CLANG_CXX_LANGUAGE_STANDARD = "gnu++17";
				CLANG_ENABLE_MODULES = YES;
				CLANG_ENABLE_OBJC_ARC = YES;
				CLANG_ENABLE_OBJC_WEAK = YES;
				CLANG_WARN_BLOCK_CAPTURE_AUTORELEASING = YES;
				CLANG_WARN_BOOL_CONVERSION = YES;
				CLANG_WARN_COMMA = YES;
				CLANG_WARN_CONSTANT_CONVERSION = YES;
				CLANG_WARN_DEPRECATED_OBJC_IMPLEMENTATIONS = YES;
				CLANG_WARN_DIRECT_OBJC_ISA_USAGE = YES_ERROR;
				CLANG_WARN_DOCUMENTATION_COMMENTS = YES;
				CLANG_WARN_EMPTY_BODY = YES;
				CLANG_WARN_ENUM_CONVERSION = YES;
				CLANG_WARN_INFINITE_RECURSION = YES;
				CLANG_WARN_INT_CONVERSION = YES;
				CLANG_WARN_NON_LITERAL_NULL_CONVERSION = YES;
				CLANG_WARN_OBJC_IMPLICIT_RETAIN_SELF = YES;
				CLANG_WARN_OBJC_LITERAL_CONVERSION = YES;
				CLANG_WARN_OBJC_ROOT_CLASS = YES_ERROR;
				CLANG_WARN_QUOTED_INCLUDE_IN_FRAMEWORK_HEADER = YES;
				CLANG_WARN_RANGE_LOOP_ANALYSIS = YES;
				CLANG_WARN_STRICT_PROTOTYPES = YES;
				CLANG_WARN_SUSPICIOUS_MOVE = YES;
				CLANG_WARN_UNGUARDED_AVAILABILITY = YES_AGGRESSIVE;
				CLANG_WARN_UNREACHABLE_CODE = YES;
				CLANG_WARN__DUPLICATE_METHOD_MATCH = YES;
				COPY_PHASE_STRIP = NO;
				DEBUG_INFORMATION_FORMAT = "dwarf-with-dsym";
				ENABLE_NS_ASSERTIONS = NO;
				ENABLE_STRICT_OBJC_MSGSEND = YES;
				GCC_C_LANGUAGE_STANDARD = gnu11;
				GCC_NO_COMMON_BLOCKS = YES;
				GCC_WARN_64_TO_32_BIT_CONVERSION = YES;
				GCC_WARN_ABOUT_RETURN_TYPE = YES_ERROR;
				GCC_WARN_UNDECLARED_SELECTOR = YES;
				GCC_WARN_UNINITIALIZED_AUTOS = YES_AGGRESSIVE;
				GCC_WARN_UNUSED_FUNCTION = YES;
				GCC_WARN_UNUSED_VARIABLE = YES;
				IPHONEOS_DEPLOYMENT_TARGET = 15.5;
				MTL_ENABLE_DEBUG_INFO = NO;
				MTL_FAST_MATH = YES;
				SDKROOT = iphoneos;
				SWIFT_COMPILATION_MODE = wholemodule;
				SWIFT_OPTIMIZATION_LEVEL = "-O";
				VALIDATE_PRODUCT = YES;
			};
			name = Release;
		};
		425E0C022B6B7F44007B1D84 /* Debug */ = {
			isa = XCBuildConfiguration;
			baseConfigurationReference = 50E68948D666A0F3FF717257 /* Pods-Stepa.debug.xcconfig */;
			buildSettings = {
				ASSETCATALOG_COMPILER_APPICON_NAME = AppIcon;
				ASSETCATALOG_COMPILER_GLOBAL_ACCENT_COLOR_NAME = AccentColor;
				CODE_SIGN_ENTITLEMENTS = Stepa/Stepa.entitlements;
				CODE_SIGN_IDENTITY = "Apple Development";
				CODE_SIGN_STYLE = Automatic;
				CURRENT_PROJECT_VERSION = 1;
				DEVELOPMENT_ASSET_PATHS = "\"Stepa/Preview Content\"";
				DEVELOPMENT_TEAM = 6GK5N5D9KT;
				ENABLE_PREVIEWS = YES;
				GENERATE_INFOPLIST_FILE = YES;
				INFOPLIST_FILE = Stepa/Info.plist;
				INFOPLIST_KEY_NSHealthShareUsageDescription = "We need access to your step count data to track your daily activity and provide personalized insights.";
				INFOPLIST_KEY_UIApplicationSupportsIndirectInputEvents = YES;
				INFOPLIST_KEY_UILaunchScreen_Generation = YES;
				INFOPLIST_KEY_UISupportedInterfaceOrientations = UIInterfaceOrientationPortrait;
				INFOPLIST_KEY_UISupportedInterfaceOrientations_iPad = "UIInterfaceOrientationPortrait UIInterfaceOrientationPortraitUpsideDown UIInterfaceOrientationLandscapeLeft UIInterfaceOrientationLandscapeRight";
				INFOPLIST_KEY_UISupportedInterfaceOrientations_iPhone = "UIInterfaceOrientationPortrait UIInterfaceOrientationLandscapeLeft UIInterfaceOrientationLandscapeRight";
				LD_RUNPATH_SEARCH_PATHS = (
					"$(inherited)",
					"@executable_path/Frameworks",
				);
				MARKETING_VERSION = 1.0;
				PRODUCT_BUNDLE_IDENTIFIER = test.Stepa;
				PRODUCT_NAME = "$(TARGET_NAME)";
				PROVISIONING_PROFILE_SPECIFIER = "";
				SWIFT_EMIT_LOC_STRINGS = YES;
				SWIFT_VERSION = 5.0;
				TARGETED_DEVICE_FAMILY = "1,2";
			};
			name = Debug;
		};
		425E0C032B6B7F44007B1D84 /* Release */ = {
			isa = XCBuildConfiguration;
			baseConfigurationReference = 839A99B4752C4EE43606AB7B /* Pods-Stepa.release.xcconfig */;
			buildSettings = {
				ASSETCATALOG_COMPILER_APPICON_NAME = AppIcon;
				ASSETCATALOG_COMPILER_GLOBAL_ACCENT_COLOR_NAME = AccentColor;
				CODE_SIGN_ENTITLEMENTS = Stepa/Stepa.entitlements;
				CODE_SIGN_IDENTITY = "Apple Development";
				CODE_SIGN_STYLE = Automatic;
				CURRENT_PROJECT_VERSION = 1;
				DEVELOPMENT_ASSET_PATHS = "\"Stepa/Preview Content\"";
				DEVELOPMENT_TEAM = 6GK5N5D9KT;
				ENABLE_PREVIEWS = YES;
				GENERATE_INFOPLIST_FILE = YES;
				INFOPLIST_FILE = Stepa/Info.plist;
				INFOPLIST_KEY_NSHealthShareUsageDescription = "We need access to your step count data to track your daily activity and provide personalized insights.";
				INFOPLIST_KEY_UIApplicationSupportsIndirectInputEvents = YES;
				INFOPLIST_KEY_UILaunchScreen_Generation = YES;
				INFOPLIST_KEY_UISupportedInterfaceOrientations = UIInterfaceOrientationPortrait;
				INFOPLIST_KEY_UISupportedInterfaceOrientations_iPad = "UIInterfaceOrientationPortrait UIInterfaceOrientationPortraitUpsideDown UIInterfaceOrientationLandscapeLeft UIInterfaceOrientationLandscapeRight";
				INFOPLIST_KEY_UISupportedInterfaceOrientations_iPhone = "UIInterfaceOrientationPortrait UIInterfaceOrientationLandscapeLeft UIInterfaceOrientationLandscapeRight";
				LD_RUNPATH_SEARCH_PATHS = (
					"$(inherited)",
					"@executable_path/Frameworks",
				);
				MARKETING_VERSION = 1.0;
				PRODUCT_BUNDLE_IDENTIFIER = test.Stepa;
				PRODUCT_NAME = "$(TARGET_NAME)";
				PROVISIONING_PROFILE_SPECIFIER = "";
				SWIFT_EMIT_LOC_STRINGS = YES;
				SWIFT_VERSION = 5.0;
				TARGETED_DEVICE_FAMILY = "1,2";
			};
			name = Release;
		};
		425E0C052B6B7F44007B1D84 /* Debug */ = {
			isa = XCBuildConfiguration;
			baseConfigurationReference = 9F5925F3C6CBD6B08465A920 /* Pods-StepaTests.debug.xcconfig */;
			buildSettings = {
				ALWAYS_EMBED_SWIFT_STANDARD_LIBRARIES = YES;
				BUNDLE_LOADER = "$(TEST_HOST)";
				CODE_SIGN_STYLE = Automatic;
				CURRENT_PROJECT_VERSION = 1;
				GENERATE_INFOPLIST_FILE = YES;
				IPHONEOS_DEPLOYMENT_TARGET = 15.5;
				MARKETING_VERSION = 1.0;
				PRODUCT_BUNDLE_IDENTIFIER = test.StepaTests;
				PRODUCT_NAME = "$(TARGET_NAME)";
				SWIFT_EMIT_LOC_STRINGS = NO;
				SWIFT_VERSION = 5.0;
				TARGETED_DEVICE_FAMILY = "1,2";
				TEST_HOST = "$(BUILT_PRODUCTS_DIR)/Stepa.app/Stepa";
			};
			name = Debug;
		};
		425E0C062B6B7F44007B1D84 /* Release */ = {
			isa = XCBuildConfiguration;
			baseConfigurationReference = 3BF5FFA387B33ACA22FE17D1 /* Pods-StepaTests.release.xcconfig */;
			buildSettings = {
				ALWAYS_EMBED_SWIFT_STANDARD_LIBRARIES = YES;
				BUNDLE_LOADER = "$(TEST_HOST)";
				CODE_SIGN_STYLE = Automatic;
				CURRENT_PROJECT_VERSION = 1;
				GENERATE_INFOPLIST_FILE = YES;
				IPHONEOS_DEPLOYMENT_TARGET = 15.5;
				MARKETING_VERSION = 1.0;
				PRODUCT_BUNDLE_IDENTIFIER = test.StepaTests;
				PRODUCT_NAME = "$(TARGET_NAME)";
				SWIFT_EMIT_LOC_STRINGS = NO;
				SWIFT_VERSION = 5.0;
				TARGETED_DEVICE_FAMILY = "1,2";
				TEST_HOST = "$(BUILT_PRODUCTS_DIR)/Stepa.app/Stepa";
			};
			name = Release;
		};
		425E0C082B6B7F44007B1D84 /* Debug */ = {
			isa = XCBuildConfiguration;
			baseConfigurationReference = A7C4BF96F03FFD57AD4581E9 /* Pods-Stepa-StepaUITests.debug.xcconfig */;
			buildSettings = {
				ALWAYS_EMBED_SWIFT_STANDARD_LIBRARIES = YES;
				CODE_SIGN_STYLE = Automatic;
				CURRENT_PROJECT_VERSION = 1;
				GENERATE_INFOPLIST_FILE = YES;
				MARKETING_VERSION = 1.0;
				PRODUCT_BUNDLE_IDENTIFIER = test.StepaUITests;
				PRODUCT_NAME = "$(TARGET_NAME)";
				SWIFT_EMIT_LOC_STRINGS = NO;
				SWIFT_VERSION = 5.0;
				TARGETED_DEVICE_FAMILY = "1,2";
				TEST_TARGET_NAME = Stepa;
			};
			name = Debug;
		};
		425E0C092B6B7F44007B1D84 /* Release */ = {
			isa = XCBuildConfiguration;
			baseConfigurationReference = 776F491CC5B27353CBEC636B /* Pods-Stepa-StepaUITests.release.xcconfig */;
			buildSettings = {
				ALWAYS_EMBED_SWIFT_STANDARD_LIBRARIES = YES;
				CODE_SIGN_STYLE = Automatic;
				CURRENT_PROJECT_VERSION = 1;
				GENERATE_INFOPLIST_FILE = YES;
				MARKETING_VERSION = 1.0;
				PRODUCT_BUNDLE_IDENTIFIER = test.StepaUITests;
				PRODUCT_NAME = "$(TARGET_NAME)";
				SWIFT_EMIT_LOC_STRINGS = NO;
				SWIFT_VERSION = 5.0;
				TARGETED_DEVICE_FAMILY = "1,2";
				TEST_TARGET_NAME = Stepa;
			};
			name = Release;
		};
/* End XCBuildConfiguration section */

/* Begin XCConfigurationList section */
		425E0BD82B6B7F05007B1D84 /* Build configuration list for PBXProject "Stepa" */ = {
			isa = XCConfigurationList;
			buildConfigurations = (
				425E0BFF2B6B7F44007B1D84 /* Debug */,
				425E0C002B6B7F44007B1D84 /* Release */,
			);
			defaultConfigurationIsVisible = 0;
			defaultConfigurationName = Release;
		};
		425E0C012B6B7F44007B1D84 /* Build configuration list for PBXNativeTarget "Stepa" */ = {
			isa = XCConfigurationList;
			buildConfigurations = (
				425E0C022B6B7F44007B1D84 /* Debug */,
				425E0C032B6B7F44007B1D84 /* Release */,
			);
			defaultConfigurationIsVisible = 0;
			defaultConfigurationName = Release;
		};
		425E0C042B6B7F44007B1D84 /* Build configuration list for PBXNativeTarget "StepaTests" */ = {
			isa = XCConfigurationList;
			buildConfigurations = (
				425E0C052B6B7F44007B1D84 /* Debug */,
				425E0C062B6B7F44007B1D84 /* Release */,
			);
			defaultConfigurationIsVisible = 0;
			defaultConfigurationName = Release;
		};
		425E0C072B6B7F44007B1D84 /* Build configuration list for PBXNativeTarget "StepaUITests" */ = {
			isa = XCConfigurationList;
			buildConfigurations = (
				425E0C082B6B7F44007B1D84 /* Debug */,
				425E0C092B6B7F44007B1D84 /* Release */,
			);
			defaultConfigurationIsVisible = 0;
			defaultConfigurationName = Release;
		};
/* End XCConfigurationList section */
	};
	rootObject = 425E0BD52B6B7F04007B1D84 /* Project object */;
}
